
Microsoft Visual Studio Solution File, Format Version 12.00
# Visual Studio 15
VisualStudioVersion = 15.0.28307.2092
MinimumVisualStudioVersion = 10.0.40219.1
Project("{FAE04EC0-301F-11D3-BF4B-00C04F79EFBC}") = "seminar7ex1dubla2", "seminar7ex1dubla2\seminar7ex1dubla2.csproj", "{D3EAD962-DE5A-4D3A-AFCF-F903753F1F5E}"
EndProject
Global
	GlobalSection(SolutionConfigurationPlatforms) = preSolution
		Debug|Any CPU = Debug|Any CPU
		Release|Any CPU = Release|Any CPU
	EndGlobalSection
	GlobalSection(ProjectConfigurationPlatforms) = postSolution
		{D3EAD962-DE5A-4D3A-AFCF-F903753F1F5E}.Debug|Any CPU.ActiveCfg = Debug|Any CPU
		{D3EAD962-DE5A-4D3A-AFCF-F903753F1F5E}.Debug|Any CPU.Build.0 = Debug|Any CPU
		{D3EAD962-DE5A-4D3A-AFCF-F903753F1F5E}.Release|Any CPU.ActiveCfg = Release|Any CPU
		{D3EAD962-DE5A-4D3A-AFCF-F903753F1F5E}.Release|Any CPU.Build.0 = Release|Any CPU
	EndGlobalSection
	GlobalSection(SolutionProperties) = preSolution
		HideSolutionNode = FALSE
	EndGlobalSection
	GlobalSection(ExtensibilityGlobals) = postSolution
		SolutionGuid = {6CADFD17-6D58-4B09-97C7-09F8F2D2B65E}
	EndGlobalSection
EndGlobal
