
Microsoft Visual Studio Solution File, Format Version 12.00
# Visual Studio Version 17
VisualStudioVersion = 17.9.34728.123
MinimumVisualStudioVersion = 10.0.40219.1
Project("{FAE04EC0-301F-11D3-BF4B-00C04F79EFBC}") = "seminar9ex1", "seminar9ex1\seminar9ex1.csproj", "{C29536A1-6256-4B04-A2B1-47A1CE828E0B}"
EndProject
Global
	GlobalSection(SolutionConfigurationPlatforms) = preSolution
		Debug|Any CPU = Debug|Any CPU
		Release|Any CPU = Release|Any CPU
	EndGlobalSection
	GlobalSection(ProjectConfigurationPlatforms) = postSolution
		{C29536A1-6256-4B04-A2B1-47A1CE828E0B}.Debug|Any CPU.ActiveCfg = Debug|Any CPU
		{C29536A1-6256-4B04-A2B1-47A1CE828E0B}.Debug|Any CPU.Build.0 = Debug|Any CPU
		{C29536A1-6256-4B04-A2B1-47A1CE828E0B}.Release|Any CPU.ActiveCfg = Release|Any CPU
		{C29536A1-6256-4B04-A2B1-47A1CE828E0B}.Release|Any CPU.Build.0 = Release|Any CPU
	EndGlobalSection
	GlobalSection(SolutionProperties) = preSolution
		HideSolutionNode = FALSE
	EndGlobalSection
	GlobalSection(ExtensibilityGlobals) = postSolution
		SolutionGuid = {C087FDF4-17E9-43A0-9E1B-167402136F72}
	EndGlobalSection
EndGlobal
